
Microsoft Visual Studio Solution File, Format Version 12.00
# Visual Studio 15
VisualStudioVersion = 15.0.28307.902
MinimumVisualStudioVersion = 10.0.40219.1
Project("{E24C65DC-7377-472B-9ABA-BC803B73C61A}") = "MyWebSite", "MyWebSite\", "{D875C111-2EB4-4E9D-BD21-5A737AD16821}"
	ProjectSection(WebsiteProperties) = preProject
		TargetFrameworkMoniker = ".NETFramework,Version%3Dv4.6.1"
		Debug.AspNetCompiler.VirtualPath = "/localhost_59768"
		Debug.AspNetCompiler.PhysicalPath = "MyWebSite\"
		Debug.AspNetCompiler.TargetPath = "PrecompiledWeb\localhost_59768\"
		Debug.AspNetCompiler.Updateable = "true"
		Debug.AspNetCompiler.ForceOverwrite = "true"
		Debug.AspNetCompiler.FixedNames = "false"
		Debug.AspNetCompiler.Debug = "True"
		Release.AspNetCompiler.VirtualPath = "/localhost_59768"
		Release.AspNetCompiler.PhysicalPath = "MyWebSite\"
		Release.AspNetCompiler.TargetPath = "PrecompiledWeb\localhost_59768\"
		Release.AspNetCompiler.Updateable = "true"
		Release.AspNetCompiler.ForceOverwrite = "true"
		Release.AspNetCompiler.FixedNames = "false"
		Release.AspNetCompiler.Debug = "False"
		VWDPort = "59768"
		SlnRelativePath = "MyWebSite\"
		DefaultWebSiteLanguage = "Visual C#"
	EndProjectSection
EndProject
Global
	GlobalSection(SolutionConfigurationPlatforms) = preSolution
		Debug|Any CPU = Debug|Any CPU
	EndGlobalSection
	GlobalSection(ProjectConfigurationPlatforms) = postSolution
		{D875C111-2EB4-4E9D-BD21-5A737AD16821}.Debug|Any CPU.ActiveCfg = Debug|Any CPU
		{D875C111-2EB4-4E9D-BD21-5A737AD16821}.Debug|Any CPU.Build.0 = Debug|Any CPU
	EndGlobalSection
	GlobalSection(SolutionProperties) = preSolution
		HideSolutionNode = FALSE
	EndGlobalSection
	GlobalSection(ExtensibilityGlobals) = postSolution
		SolutionGuid = {3557D887-63F3-4017-9F1E-87A716D3227F}
	EndGlobalSection
EndGlobal
